
Microsoft Visual Studio Solution File, Format Version 12.00
Project("{FAE04EC0-301F-11D3-BF4B-00C04F79EFBC}") = "APBDzadanie2", "APBDzadanie2\APBDzadanie2.csproj", "{296CA5A8-08F0-4D16-B4E1-A2ED1491D6F3}"
EndProject
Global
	GlobalSection(SolutionConfigurationPlatforms) = preSolution
		Debug|Any CPU = Debug|Any CPU
		Release|Any CPU = Release|Any CPU
	EndGlobalSection
	GlobalSection(ProjectConfigurationPlatforms) = postSolution
		{296CA5A8-08F0-4D16-B4E1-A2ED1491D6F3}.Debug|Any CPU.ActiveCfg = Debug|Any CPU
		{296CA5A8-08F0-4D16-B4E1-A2ED1491D6F3}.Debug|Any CPU.Build.0 = Debug|Any CPU
		{296CA5A8-08F0-4D16-B4E1-A2ED1491D6F3}.Release|Any CPU.ActiveCfg = Release|Any CPU
		{296CA5A8-08F0-4D16-B4E1-A2ED1491D6F3}.Release|Any CPU.Build.0 = Release|Any CPU
	EndGlobalSection
EndGlobal
